
Microsoft Visual Studio Solution File, Format Version 12.00
# Visual Studio 15
VisualStudioVersion = 15.0.28010.2048
MinimumVisualStudioVersion = 10.0.40219.1
Project("{FAE04EC0-301F-11D3-BF4B-00C04F79EFBC}") = "Interface", "Project\Interface.csproj", "{01133276-778F-4C11-96D4-84580E31DF20}"
EndProject
Project("{FAE04EC0-301F-11D3-BF4B-00C04F79EFBC}") = "Logic", "Logic\Logic.csproj", "{F5975D4F-D6BF-4CE4-8A42-C8D2B48BD008}"
EndProject
Project("{FAE04EC0-301F-11D3-BF4B-00C04F79EFBC}") = "Serialization", "Serialization\Serialization.csproj", "{A0BB9B1E-8EB8-4E07-9D99-1830AB2B151D}"
EndProject
Global
	GlobalSection(SolutionConfigurationPlatforms) = preSolution
		Debug|Any CPU = Debug|Any CPU
		Release|Any CPU = Release|Any CPU
	EndGlobalSection
	GlobalSection(ProjectConfigurationPlatforms) = postSolution
		{01133276-778F-4C11-96D4-84580E31DF20}.Debug|Any CPU.ActiveCfg = Debug|Any CPU
		{01133276-778F-4C11-96D4-84580E31DF20}.Debug|Any CPU.Build.0 = Debug|Any CPU
		{01133276-778F-4C11-96D4-84580E31DF20}.Release|Any CPU.ActiveCfg = Release|Any CPU
		{01133276-778F-4C11-96D4-84580E31DF20}.Release|Any CPU.Build.0 = Release|Any CPU
		{F5975D4F-D6BF-4CE4-8A42-C8D2B48BD008}.Debug|Any CPU.ActiveCfg = Debug|Any CPU
		{F5975D4F-D6BF-4CE4-8A42-C8D2B48BD008}.Debug|Any CPU.Build.0 = Debug|Any CPU
		{F5975D4F-D6BF-4CE4-8A42-C8D2B48BD008}.Release|Any CPU.ActiveCfg = Release|Any CPU
		{F5975D4F-D6BF-4CE4-8A42-C8D2B48BD008}.Release|Any CPU.Build.0 = Release|Any CPU
		{A0BB9B1E-8EB8-4E07-9D99-1830AB2B151D}.Debug|Any CPU.ActiveCfg = Debug|Any CPU
		{A0BB9B1E-8EB8-4E07-9D99-1830AB2B151D}.Debug|Any CPU.Build.0 = Debug|Any CPU
		{A0BB9B1E-8EB8-4E07-9D99-1830AB2B151D}.Release|Any CPU.ActiveCfg = Release|Any CPU
		{A0BB9B1E-8EB8-4E07-9D99-1830AB2B151D}.Release|Any CPU.Build.0 = Release|Any CPU
	EndGlobalSection
	GlobalSection(SolutionProperties) = preSolution
		HideSolutionNode = FALSE
	EndGlobalSection
	GlobalSection(ExtensibilityGlobals) = postSolution
		SolutionGuid = {984D7725-F8D0-4063-80D9-B88D5FA5DD64}
	EndGlobalSection
EndGlobal
